
Microsoft Visual Studio Solution File, Format Version 12.00
# Visual Studio 15
VisualStudioVersion = 15.0.26228.4
MinimumVisualStudioVersion = 10.0.40219.1
Project("{FAE04EC0-301F-11D3-BF4B-00C04F79EFBC}") = "Game.Data", "Game.Data\Game.Data.csproj", "{A35412CF-25E9-4F25-9B22-15B0ADC425C7}"
EndProject
Project("{FAE04EC0-301F-11D3-BF4B-00C04F79EFBC}") = "Base", "Base\Base.csproj", "{7B5EE514-2FF3-468B-8CF6-47B8F28EFF07}"
EndProject
Project("{FAE04EC0-301F-11D3-BF4B-00C04F79EFBC}") = "Game.Server", "Game.Server\Game.Server.csproj", "{7CE13601-0E59-4816-8BB5-61847CCDE2A9}"
EndProject
Project("{FAE04EC0-301F-11D3-BF4B-00C04F79EFBC}") = "Game.Controller", "Game.Controller\Game.Controller.csproj", "{4315B095-801C-4964-A536-41A22C5D41BC}"
EndProject
Project("{FAE04EC0-301F-11D3-BF4B-00C04F79EFBC}") = "Game.Service", "Game.Service\Game.Service.csproj", "{3CD2F87A-097E-4F04-A66C-573B91294DFA}"
EndProject
Project("{FAE04EC0-301F-11D3-BF4B-00C04F79EFBC}") = "Game.Client", "Game.Client\Game.Client.csproj", "{D9F40A74-FA73-417C-9E36-1A5A6B2A26F9}"
EndProject
Project("{FAE04EC0-301F-11D3-BF4B-00C04F79EFBC}") = "Chat.Service", "Chat.Service\Chat.Service.csproj", "{CA82C36C-A5A0-481D-BD57-0E37B4D80CA5}"
EndProject
Project("{FAE04EC0-301F-11D3-BF4B-00C04F79EFBC}") = "Chat.Server", "Chat.Server\Chat.Server.csproj", "{D3D7C802-51B3-41AE-B499-6C189B454967}"
EndProject
Project("{FAE04EC0-301F-11D3-BF4B-00C04F79EFBC}") = "Chat.Client", "Chat.Client\Chat.Client.csproj", "{F05010A0-7000-4FEC-A059-3893A0DBDD1D}"
EndProject
Project("{FAE04EC0-301F-11D3-BF4B-00C04F79EFBC}") = "Auth.Service", "Auth.Service\Auth.Service.csproj", "{F3703D70-D3D0-445F-91E9-E8865418BFBC}"
EndProject
Project("{FAE04EC0-301F-11D3-BF4B-00C04F79EFBC}") = "Auth.Server", "Auth.Server\Auth.Server.csproj", "{D14625E7-D8E3-4548-BEE4-8C8632A23E6B}"
EndProject
Project("{FAE04EC0-301F-11D3-BF4B-00C04F79EFBC}") = "Auth.Client", "Auth.Client\Auth.Client.csproj", "{5AE46F24-75F2-456A-9015-EFE765F522B8}"
EndProject
Project("{FAE04EC0-301F-11D3-BF4B-00C04F79EFBC}") = "Server.Data", "Server.Data\Server.Data.csproj", "{DD755903-A09A-492B-988B-D816B2518C57}"
EndProject
Project("{FAE04EC0-301F-11D3-BF4B-00C04F79EFBC}") = "Server.Configuration", "Server.Configuration\Server.Configuration.csproj", "{3CDD8B3D-E935-43C8-ABC0-CD493F1AB458}"
EndProject
Project("{FAE04EC0-301F-11D3-BF4B-00C04F79EFBC}") = "Data.Client", "Data.Client\Data.Client.csproj", "{D504F25C-17F6-42F9-A146-5FDD8D96941B}"
EndProject
Project("{FAE04EC0-301F-11D3-BF4B-00C04F79EFBC}") = "Data.Server", "Data.Server\Data.Server.csproj", "{16F580D2-77D4-4490-9B53-657E97F5137D}"
EndProject
Project("{FAE04EC0-301F-11D3-BF4B-00C04F79EFBC}") = "Data.Service", "Data.Service\Data.Service.csproj", "{AFA02ED1-8D14-48C2-9BF2-35D37CA09BC0}"
EndProject
Project("{FAE04EC0-301F-11D3-BF4B-00C04F79EFBC}") = "Server.Logger", "Server.Logger\Server.Logger.csproj", "{5FB5BDA4-2D6B-40FE-B86B-74F9137D3D4A}"
EndProject
Project("{FAE04EC0-301F-11D3-BF4B-00C04F79EFBC}") = "Gate.Client", "Gate.Client\Gate.Client.csproj", "{6089F504-E259-465C-A2AC-28A92FD85251}"
EndProject
Project("{FAE04EC0-301F-11D3-BF4B-00C04F79EFBC}") = "Gate.Server", "Gate.Server\Gate.Server.csproj", "{233046AC-EA6F-4BF2-814C-D06D31E125A6}"
EndProject
Project("{FAE04EC0-301F-11D3-BF4B-00C04F79EFBC}") = "Crypt.Tool", "Crypt.Tool\Crypt.Tool.csproj", "{76AC6568-286F-4698-8EED-A0A383C96FFE}"
EndProject
Project("{FAE04EC0-301F-11D3-BF4B-00C04F79EFBC}") = "Network", "Network\Network.csproj", "{87D6EC6F-0FF4-4DC1-8D5A-C76165D3D9E7}"
EndProject
Project("{FAE04EC0-301F-11D3-BF4B-00C04F79EFBC}") = "Launcher.Client", "Launcher.Client\Launcher.Client.csproj", "{E96169BB-CF4D-46FD-8157-64376A54E035}"
EndProject
Project("{FAE04EC0-301F-11D3-BF4B-00C04F79EFBC}") = "Launcher.Server", "Launcher.Server\Launcher.Server.csproj", "{F08DBA09-EC82-48E4-A68F-F2CF22350836}"
EndProject
Project("{FAE04EC0-301F-11D3-BF4B-00C04F79EFBC}") = "Launcher.Service", "Launcher.Service\Launcher.Service.csproj", "{71293341-0380-4746-AB50-EB7FFCCA6925}"
EndProject
Project("{FAE04EC0-301F-11D3-BF4B-00C04F79EFBC}") = "Server.Manager", "Server.Manager\Server.Manager.csproj", "{696463CE-DFE5-4793-9439-B1F52C5AC755}"
EndProject
Project("{FAE04EC0-301F-11D3-BF4B-00C04F79EFBC}") = "General.Executor", "General.Executor\General.Executor.csproj", "{52F814F0-CA2B-4DA1-BAF6-8235FFCC2860}"
EndProject
Global
	GlobalSection(SolutionConfigurationPlatforms) = preSolution
		Debug|Any CPU = Debug|Any CPU
		Debug|Mixed Platforms = Debug|Mixed Platforms
		Debug|x86 = Debug|x86
		Release|Any CPU = Release|Any CPU
		Release|Mixed Platforms = Release|Mixed Platforms
		Release|x86 = Release|x86
	EndGlobalSection
	GlobalSection(ProjectConfigurationPlatforms) = postSolution
		{A35412CF-25E9-4F25-9B22-15B0ADC425C7}.Debug|Any CPU.ActiveCfg = Debug|Any CPU
		{A35412CF-25E9-4F25-9B22-15B0ADC425C7}.Debug|Any CPU.Build.0 = Debug|Any CPU
		{A35412CF-25E9-4F25-9B22-15B0ADC425C7}.Debug|Mixed Platforms.ActiveCfg = Debug|Any CPU
		{A35412CF-25E9-4F25-9B22-15B0ADC425C7}.Debug|Mixed Platforms.Build.0 = Debug|Any CPU
		{A35412CF-25E9-4F25-9B22-15B0ADC425C7}.Debug|x86.ActiveCfg = Debug|Any CPU
		{A35412CF-25E9-4F25-9B22-15B0ADC425C7}.Debug|x86.Build.0 = Debug|Any CPU
		{A35412CF-25E9-4F25-9B22-15B0ADC425C7}.Release|Any CPU.ActiveCfg = Release|Any CPU
		{A35412CF-25E9-4F25-9B22-15B0ADC425C7}.Release|Any CPU.Build.0 = Release|Any CPU
		{A35412CF-25E9-4F25-9B22-15B0ADC425C7}.Release|Mixed Platforms.ActiveCfg = Release|Any CPU
		{A35412CF-25E9-4F25-9B22-15B0ADC425C7}.Release|Mixed Platforms.Build.0 = Release|Any CPU
		{A35412CF-25E9-4F25-9B22-15B0ADC425C7}.Release|x86.ActiveCfg = Release|Any CPU
		{A35412CF-25E9-4F25-9B22-15B0ADC425C7}.Release|x86.Build.0 = Release|Any CPU
		{7B5EE514-2FF3-468B-8CF6-47B8F28EFF07}.Debug|Any CPU.ActiveCfg = Debug|Any CPU
		{7B5EE514-2FF3-468B-8CF6-47B8F28EFF07}.Debug|Any CPU.Build.0 = Debug|Any CPU
		{7B5EE514-2FF3-468B-8CF6-47B8F28EFF07}.Debug|Mixed Platforms.ActiveCfg = Debug|Any CPU
		{7B5EE514-2FF3-468B-8CF6-47B8F28EFF07}.Debug|Mixed Platforms.Build.0 = Debug|Any CPU
		{7B5EE514-2FF3-468B-8CF6-47B8F28EFF07}.Debug|x86.ActiveCfg = Debug|Any CPU
		{7B5EE514-2FF3-468B-8CF6-47B8F28EFF07}.Debug|x86.Build.0 = Debug|Any CPU
		{7B5EE514-2FF3-468B-8CF6-47B8F28EFF07}.Release|Any CPU.ActiveCfg = Release|Any CPU
		{7B5EE514-2FF3-468B-8CF6-47B8F28EFF07}.Release|Any CPU.Build.0 = Release|Any CPU
		{7B5EE514-2FF3-468B-8CF6-47B8F28EFF07}.Release|Mixed Platforms.ActiveCfg = Release|Any CPU
		{7B5EE514-2FF3-468B-8CF6-47B8F28EFF07}.Release|Mixed Platforms.Build.0 = Release|Any CPU
		{7B5EE514-2FF3-468B-8CF6-47B8F28EFF07}.Release|x86.ActiveCfg = Release|Any CPU
		{7B5EE514-2FF3-468B-8CF6-47B8F28EFF07}.Release|x86.Build.0 = Release|Any CPU
		{7CE13601-0E59-4816-8BB5-61847CCDE2A9}.Debug|Any CPU.ActiveCfg = Debug|Any CPU
		{7CE13601-0E59-4816-8BB5-61847CCDE2A9}.Debug|Any CPU.Build.0 = Debug|Any CPU
		{7CE13601-0E59-4816-8BB5-61847CCDE2A9}.Debug|Mixed Platforms.ActiveCfg = Debug|Any CPU
		{7CE13601-0E59-4816-8BB5-61847CCDE2A9}.Debug|Mixed Platforms.Build.0 = Debug|Any CPU
		{7CE13601-0E59-4816-8BB5-61847CCDE2A9}.Debug|x86.ActiveCfg = Debug|Any CPU
		{7CE13601-0E59-4816-8BB5-61847CCDE2A9}.Debug|x86.Build.0 = Debug|Any CPU
		{7CE13601-0E59-4816-8BB5-61847CCDE2A9}.Release|Any CPU.ActiveCfg = Release|Any CPU
		{7CE13601-0E59-4816-8BB5-61847CCDE2A9}.Release|Any CPU.Build.0 = Release|Any CPU
		{7CE13601-0E59-4816-8BB5-61847CCDE2A9}.Release|Mixed Platforms.ActiveCfg = Release|Any CPU
		{7CE13601-0E59-4816-8BB5-61847CCDE2A9}.Release|Mixed Platforms.Build.0 = Release|Any CPU
		{7CE13601-0E59-4816-8BB5-61847CCDE2A9}.Release|x86.ActiveCfg = Release|Any CPU
		{7CE13601-0E59-4816-8BB5-61847CCDE2A9}.Release|x86.Build.0 = Release|Any CPU
		{4315B095-801C-4964-A536-41A22C5D41BC}.Debug|Any CPU.ActiveCfg = Debug|Any CPU
		{4315B095-801C-4964-A536-41A22C5D41BC}.Debug|Any CPU.Build.0 = Debug|Any CPU
		{4315B095-801C-4964-A536-41A22C5D41BC}.Debug|Mixed Platforms.ActiveCfg = Debug|Any CPU
		{4315B095-801C-4964-A536-41A22C5D41BC}.Debug|Mixed Platforms.Build.0 = Debug|Any CPU
		{4315B095-801C-4964-A536-41A22C5D41BC}.Debug|x86.ActiveCfg = Debug|Any CPU
		{4315B095-801C-4964-A536-41A22C5D41BC}.Debug|x86.Build.0 = Debug|Any CPU
		{4315B095-801C-4964-A536-41A22C5D41BC}.Release|Any CPU.ActiveCfg = Release|Any CPU
		{4315B095-801C-4964-A536-41A22C5D41BC}.Release|Any CPU.Build.0 = Release|Any CPU
		{4315B095-801C-4964-A536-41A22C5D41BC}.Release|Mixed Platforms.ActiveCfg = Release|Any CPU
		{4315B095-801C-4964-A536-41A22C5D41BC}.Release|Mixed Platforms.Build.0 = Release|Any CPU
		{4315B095-801C-4964-A536-41A22C5D41BC}.Release|x86.ActiveCfg = Release|Any CPU
		{4315B095-801C-4964-A536-41A22C5D41BC}.Release|x86.Build.0 = Release|Any CPU
		{3CD2F87A-097E-4F04-A66C-573B91294DFA}.Debug|Any CPU.ActiveCfg = Debug|x86
		{3CD2F87A-097E-4F04-A66C-573B91294DFA}.Debug|Any CPU.Build.0 = Debug|x86
		{3CD2F87A-097E-4F04-A66C-573B91294DFA}.Debug|Mixed Platforms.ActiveCfg = Debug|x86
		{3CD2F87A-097E-4F04-A66C-573B91294DFA}.Debug|Mixed Platforms.Build.0 = Debug|x86
		{3CD2F87A-097E-4F04-A66C-573B91294DFA}.Debug|x86.ActiveCfg = Debug|x86
		{3CD2F87A-097E-4F04-A66C-573B91294DFA}.Debug|x86.Build.0 = Debug|x86
		{3CD2F87A-097E-4F04-A66C-573B91294DFA}.Release|Any CPU.ActiveCfg = Release|x86
		{3CD2F87A-097E-4F04-A66C-573B91294DFA}.Release|Any CPU.Build.0 = Release|x86
		{3CD2F87A-097E-4F04-A66C-573B91294DFA}.Release|Mixed Platforms.ActiveCfg = Release|x86
		{3CD2F87A-097E-4F04-A66C-573B91294DFA}.Release|Mixed Platforms.Build.0 = Release|x86
		{3CD2F87A-097E-4F04-A66C-573B91294DFA}.Release|x86.ActiveCfg = Release|x86
		{3CD2F87A-097E-4F04-A66C-573B91294DFA}.Release|x86.Build.0 = Release|x86
		{D9F40A74-FA73-417C-9E36-1A5A6B2A26F9}.Debug|Any CPU.ActiveCfg = Debug|Any CPU
		{D9F40A74-FA73-417C-9E36-1A5A6B2A26F9}.Debug|Any CPU.Build.0 = Debug|Any CPU
		{D9F40A74-FA73-417C-9E36-1A5A6B2A26F9}.Debug|Mixed Platforms.ActiveCfg = Debug|Any CPU
		{D9F40A74-FA73-417C-9E36-1A5A6B2A26F9}.Debug|Mixed Platforms.Build.0 = Debug|Any CPU
		{D9F40A74-FA73-417C-9E36-1A5A6B2A26F9}.Debug|x86.ActiveCfg = Debug|Any CPU
		{D9F40A74-FA73-417C-9E36-1A5A6B2A26F9}.Debug|x86.Build.0 = Debug|Any CPU
		{D9F40A74-FA73-417C-9E36-1A5A6B2A26F9}.Release|Any CPU.ActiveCfg = Release|Any CPU
		{D9F40A74-FA73-417C-9E36-1A5A6B2A26F9}.Release|Any CPU.Build.0 = Release|Any CPU
		{D9F40A74-FA73-417C-9E36-1A5A6B2A26F9}.Release|Mixed Platforms.ActiveCfg = Release|Any CPU
		{D9F40A74-FA73-417C-9E36-1A5A6B2A26F9}.Release|Mixed Platforms.Build.0 = Release|Any CPU
		{D9F40A74-FA73-417C-9E36-1A5A6B2A26F9}.Release|x86.ActiveCfg = Release|Any CPU
		{D9F40A74-FA73-417C-9E36-1A5A6B2A26F9}.Release|x86.Build.0 = Release|Any CPU
		{CA82C36C-A5A0-481D-BD57-0E37B4D80CA5}.Debug|Any CPU.ActiveCfg = Debug|Any CPU
		{CA82C36C-A5A0-481D-BD57-0E37B4D80CA5}.Debug|Any CPU.Build.0 = Debug|Any CPU
		{CA82C36C-A5A0-481D-BD57-0E37B4D80CA5}.Debug|Mixed Platforms.ActiveCfg = Debug|Any CPU
		{CA82C36C-A5A0-481D-BD57-0E37B4D80CA5}.Debug|Mixed Platforms.Build.0 = Debug|Any CPU
		{CA82C36C-A5A0-481D-BD57-0E37B4D80CA5}.Debug|x86.ActiveCfg = Debug|Any CPU
		{CA82C36C-A5A0-481D-BD57-0E37B4D80CA5}.Debug|x86.Build.0 = Debug|Any CPU
		{CA82C36C-A5A0-481D-BD57-0E37B4D80CA5}.Release|Any CPU.ActiveCfg = Release|Any CPU
		{CA82C36C-A5A0-481D-BD57-0E37B4D80CA5}.Release|Any CPU.Build.0 = Release|Any CPU
		{CA82C36C-A5A0-481D-BD57-0E37B4D80CA5}.Release|Mixed Platforms.ActiveCfg = Release|Any CPU
		{CA82C36C-A5A0-481D-BD57-0E37B4D80CA5}.Release|Mixed Platforms.Build.0 = Release|Any CPU
		{CA82C36C-A5A0-481D-BD57-0E37B4D80CA5}.Release|x86.ActiveCfg = Release|Any CPU
		{CA82C36C-A5A0-481D-BD57-0E37B4D80CA5}.Release|x86.Build.0 = Release|Any CPU
		{D3D7C802-51B3-41AE-B499-6C189B454967}.Debug|Any CPU.ActiveCfg = Debug|Any CPU
		{D3D7C802-51B3-41AE-B499-6C189B454967}.Debug|Any CPU.Build.0 = Debug|Any CPU
		{D3D7C802-51B3-41AE-B499-6C189B454967}.Debug|Mixed Platforms.ActiveCfg = Debug|Any CPU
		{D3D7C802-51B3-41AE-B499-6C189B454967}.Debug|Mixed Platforms.Build.0 = Debug|Any CPU
		{D3D7C802-51B3-41AE-B499-6C189B454967}.Debug|x86.ActiveCfg = Debug|Any CPU
		{D3D7C802-51B3-41AE-B499-6C189B454967}.Debug|x86.Build.0 = Debug|Any CPU
		{D3D7C802-51B3-41AE-B499-6C189B454967}.Release|Any CPU.ActiveCfg = Release|Any CPU
		{D3D7C802-51B3-41AE-B499-6C189B454967}.Release|Any CPU.Build.0 = Release|Any CPU
		{D3D7C802-51B3-41AE-B499-6C189B454967}.Release|Mixed Platforms.ActiveCfg = Release|Any CPU
		{D3D7C802-51B3-41AE-B499-6C189B454967}.Release|Mixed Platforms.Build.0 = Release|Any CPU
		{D3D7C802-51B3-41AE-B499-6C189B454967}.Release|x86.ActiveCfg = Release|Any CPU
		{D3D7C802-51B3-41AE-B499-6C189B454967}.Release|x86.Build.0 = Release|Any CPU
		{F05010A0-7000-4FEC-A059-3893A0DBDD1D}.Debug|Any CPU.ActiveCfg = Debug|Any CPU
		{F05010A0-7000-4FEC-A059-3893A0DBDD1D}.Debug|Any CPU.Build.0 = Debug|Any CPU
		{F05010A0-7000-4FEC-A059-3893A0DBDD1D}.Debug|Mixed Platforms.ActiveCfg = Debug|Any CPU
		{F05010A0-7000-4FEC-A059-3893A0DBDD1D}.Debug|Mixed Platforms.Build.0 = Debug|Any CPU
		{F05010A0-7000-4FEC-A059-3893A0DBDD1D}.Debug|x86.ActiveCfg = Debug|Any CPU
		{F05010A0-7000-4FEC-A059-3893A0DBDD1D}.Debug|x86.Build.0 = Debug|Any CPU
		{F05010A0-7000-4FEC-A059-3893A0DBDD1D}.Release|Any CPU.ActiveCfg = Release|Any CPU
		{F05010A0-7000-4FEC-A059-3893A0DBDD1D}.Release|Any CPU.Build.0 = Release|Any CPU
		{F05010A0-7000-4FEC-A059-3893A0DBDD1D}.Release|Mixed Platforms.ActiveCfg = Release|Any CPU
		{F05010A0-7000-4FEC-A059-3893A0DBDD1D}.Release|Mixed Platforms.Build.0 = Release|Any CPU
		{F05010A0-7000-4FEC-A059-3893A0DBDD1D}.Release|x86.ActiveCfg = Release|Any CPU
		{F05010A0-7000-4FEC-A059-3893A0DBDD1D}.Release|x86.Build.0 = Release|Any CPU
		{F3703D70-D3D0-445F-91E9-E8865418BFBC}.Debug|Any CPU.ActiveCfg = Debug|Any CPU
		{F3703D70-D3D0-445F-91E9-E8865418BFBC}.Debug|Any CPU.Build.0 = Debug|Any CPU
		{F3703D70-D3D0-445F-91E9-E8865418BFBC}.Debug|Mixed Platforms.ActiveCfg = Debug|Any CPU
		{F3703D70-D3D0-445F-91E9-E8865418BFBC}.Debug|Mixed Platforms.Build.0 = Debug|Any CPU
		{F3703D70-D3D0-445F-91E9-E8865418BFBC}.Debug|x86.ActiveCfg = Debug|Any CPU
		{F3703D70-D3D0-445F-91E9-E8865418BFBC}.Debug|x86.Build.0 = Debug|Any CPU
		{F3703D70-D3D0-445F-91E9-E8865418BFBC}.Release|Any CPU.ActiveCfg = Release|Any CPU
		{F3703D70-D3D0-445F-91E9-E8865418BFBC}.Release|Any CPU.Build.0 = Release|Any CPU
		{F3703D70-D3D0-445F-91E9-E8865418BFBC}.Release|Mixed Platforms.ActiveCfg = Release|Any CPU
		{F3703D70-D3D0-445F-91E9-E8865418BFBC}.Release|Mixed Platforms.Build.0 = Release|Any CPU
		{F3703D70-D3D0-445F-91E9-E8865418BFBC}.Release|x86.ActiveCfg = Release|Any CPU
		{F3703D70-D3D0-445F-91E9-E8865418BFBC}.Release|x86.Build.0 = Release|Any CPU
		{D14625E7-D8E3-4548-BEE4-8C8632A23E6B}.Debug|Any CPU.ActiveCfg = Debug|Any CPU
		{D14625E7-D8E3-4548-BEE4-8C8632A23E6B}.Debug|Any CPU.Build.0 = Debug|Any CPU
		{D14625E7-D8E3-4548-BEE4-8C8632A23E6B}.Debug|Mixed Platforms.ActiveCfg = Debug|Any CPU
		{D14625E7-D8E3-4548-BEE4-8C8632A23E6B}.Debug|Mixed Platforms.Build.0 = Debug|Any CPU
		{D14625E7-D8E3-4548-BEE4-8C8632A23E6B}.Debug|x86.ActiveCfg = Debug|Any CPU
		{D14625E7-D8E3-4548-BEE4-8C8632A23E6B}.Debug|x86.Build.0 = Debug|Any CPU
		{D14625E7-D8E3-4548-BEE4-8C8632A23E6B}.Release|Any CPU.ActiveCfg = Release|Any CPU
		{D14625E7-D8E3-4548-BEE4-8C8632A23E6B}.Release|Any CPU.Build.0 = Release|Any CPU
		{D14625E7-D8E3-4548-BEE4-8C8632A23E6B}.Release|Mixed Platforms.ActiveCfg = Release|Any CPU
		{D14625E7-D8E3-4548-BEE4-8C8632A23E6B}.Release|Mixed Platforms.Build.0 = Release|Any CPU
		{D14625E7-D8E3-4548-BEE4-8C8632A23E6B}.Release|x86.ActiveCfg = Release|Any CPU
		{D14625E7-D8E3-4548-BEE4-8C8632A23E6B}.Release|x86.Build.0 = Release|Any CPU
		{5AE46F24-75F2-456A-9015-EFE765F522B8}.Debug|Any CPU.ActiveCfg = Debug|Any CPU
		{5AE46F24-75F2-456A-9015-EFE765F522B8}.Debug|Any CPU.Build.0 = Debug|Any CPU
		{5AE46F24-75F2-456A-9015-EFE765F522B8}.Debug|Mixed Platforms.ActiveCfg = Debug|Any CPU
		{5AE46F24-75F2-456A-9015-EFE765F522B8}.Debug|Mixed Platforms.Build.0 = Debug|Any CPU
		{5AE46F24-75F2-456A-9015-EFE765F522B8}.Debug|x86.ActiveCfg = Debug|Any CPU
		{5AE46F24-75F2-456A-9015-EFE765F522B8}.Debug|x86.Build.0 = Debug|Any CPU
		{5AE46F24-75F2-456A-9015-EFE765F522B8}.Release|Any CPU.ActiveCfg = Release|Any CPU
		{5AE46F24-75F2-456A-9015-EFE765F522B8}.Release|Any CPU.Build.0 = Release|Any CPU
		{5AE46F24-75F2-456A-9015-EFE765F522B8}.Release|Mixed Platforms.ActiveCfg = Release|Any CPU
		{5AE46F24-75F2-456A-9015-EFE765F522B8}.Release|Mixed Platforms.Build.0 = Release|Any CPU
		{5AE46F24-75F2-456A-9015-EFE765F522B8}.Release|x86.ActiveCfg = Release|Any CPU
		{5AE46F24-75F2-456A-9015-EFE765F522B8}.Release|x86.Build.0 = Release|Any CPU
		{DD755903-A09A-492B-988B-D816B2518C57}.Debug|Any CPU.ActiveCfg = Debug|Any CPU
		{DD755903-A09A-492B-988B-D816B2518C57}.Debug|Any CPU.Build.0 = Debug|Any CPU
		{DD755903-A09A-492B-988B-D816B2518C57}.Debug|Mixed Platforms.ActiveCfg = Debug|Any CPU
		{DD755903-A09A-492B-988B-D816B2518C57}.Debug|Mixed Platforms.Build.0 = Debug|Any CPU
		{DD755903-A09A-492B-988B-D816B2518C57}.Debug|x86.ActiveCfg = Debug|Any CPU
		{DD755903-A09A-492B-988B-D816B2518C57}.Debug|x86.Build.0 = Debug|Any CPU
		{DD755903-A09A-492B-988B-D816B2518C57}.Release|Any CPU.ActiveCfg = Release|Any CPU
		{DD755903-A09A-492B-988B-D816B2518C57}.Release|Any CPU.Build.0 = Release|Any CPU
		{DD755903-A09A-492B-988B-D816B2518C57}.Release|Mixed Platforms.ActiveCfg = Release|Any CPU
		{DD755903-A09A-492B-988B-D816B2518C57}.Release|Mixed Platforms.Build.0 = Release|Any CPU
		{DD755903-A09A-492B-988B-D816B2518C57}.Release|x86.ActiveCfg = Release|Any CPU
		{DD755903-A09A-492B-988B-D816B2518C57}.Release|x86.Build.0 = Release|Any CPU
		{3CDD8B3D-E935-43C8-ABC0-CD493F1AB458}.Debug|Any CPU.ActiveCfg = Debug|Any CPU
		{3CDD8B3D-E935-43C8-ABC0-CD493F1AB458}.Debug|Any CPU.Build.0 = Debug|Any CPU
		{3CDD8B3D-E935-43C8-ABC0-CD493F1AB458}.Debug|Mixed Platforms.ActiveCfg = Debug|Any CPU
		{3CDD8B3D-E935-43C8-ABC0-CD493F1AB458}.Debug|Mixed Platforms.Build.0 = Debug|Any CPU
		{3CDD8B3D-E935-43C8-ABC0-CD493F1AB458}.Debug|x86.ActiveCfg = Debug|Any CPU
		{3CDD8B3D-E935-43C8-ABC0-CD493F1AB458}.Debug|x86.Build.0 = Debug|Any CPU
		{3CDD8B3D-E935-43C8-ABC0-CD493F1AB458}.Release|Any CPU.ActiveCfg = Release|Any CPU
		{3CDD8B3D-E935-43C8-ABC0-CD493F1AB458}.Release|Any CPU.Build.0 = Release|Any CPU
		{3CDD8B3D-E935-43C8-ABC0-CD493F1AB458}.Release|Mixed Platforms.ActiveCfg = Release|Any CPU
		{3CDD8B3D-E935-43C8-ABC0-CD493F1AB458}.Release|Mixed Platforms.Build.0 = Release|Any CPU
		{3CDD8B3D-E935-43C8-ABC0-CD493F1AB458}.Release|x86.ActiveCfg = Release|Any CPU
		{3CDD8B3D-E935-43C8-ABC0-CD493F1AB458}.Release|x86.Build.0 = Release|Any CPU
		{D504F25C-17F6-42F9-A146-5FDD8D96941B}.Debug|Any CPU.ActiveCfg = Debug|Any CPU
		{D504F25C-17F6-42F9-A146-5FDD8D96941B}.Debug|Any CPU.Build.0 = Debug|Any CPU
		{D504F25C-17F6-42F9-A146-5FDD8D96941B}.Debug|Mixed Platforms.ActiveCfg = Debug|Any CPU
		{D504F25C-17F6-42F9-A146-5FDD8D96941B}.Debug|Mixed Platforms.Build.0 = Debug|Any CPU
		{D504F25C-17F6-42F9-A146-5FDD8D96941B}.Debug|x86.ActiveCfg = Debug|Any CPU
		{D504F25C-17F6-42F9-A146-5FDD8D96941B}.Debug|x86.Build.0 = Debug|Any CPU
		{D504F25C-17F6-42F9-A146-5FDD8D96941B}.Release|Any CPU.ActiveCfg = Release|Any CPU
		{D504F25C-17F6-42F9-A146-5FDD8D96941B}.Release|Any CPU.Build.0 = Release|Any CPU
		{D504F25C-17F6-42F9-A146-5FDD8D96941B}.Release|Mixed Platforms.ActiveCfg = Release|Any CPU
		{D504F25C-17F6-42F9-A146-5FDD8D96941B}.Release|Mixed Platforms.Build.0 = Release|Any CPU
		{D504F25C-17F6-42F9-A146-5FDD8D96941B}.Release|x86.ActiveCfg = Release|Any CPU
		{D504F25C-17F6-42F9-A146-5FDD8D96941B}.Release|x86.Build.0 = Release|Any CPU
		{16F580D2-77D4-4490-9B53-657E97F5137D}.Debug|Any CPU.ActiveCfg = Debug|Any CPU
		{16F580D2-77D4-4490-9B53-657E97F5137D}.Debug|Any CPU.Build.0 = Debug|Any CPU
		{16F580D2-77D4-4490-9B53-657E97F5137D}.Debug|Mixed Platforms.ActiveCfg = Debug|Any CPU
		{16F580D2-77D4-4490-9B53-657E97F5137D}.Debug|Mixed Platforms.Build.0 = Debug|Any CPU
		{16F580D2-77D4-4490-9B53-657E97F5137D}.Debug|x86.ActiveCfg = Debug|Any CPU
		{16F580D2-77D4-4490-9B53-657E97F5137D}.Debug|x86.Build.0 = Debug|Any CPU
		{16F580D2-77D4-4490-9B53-657E97F5137D}.Release|Any CPU.ActiveCfg = Release|Any CPU
		{16F580D2-77D4-4490-9B53-657E97F5137D}.Release|Any CPU.Build.0 = Release|Any CPU
		{16F580D2-77D4-4490-9B53-657E97F5137D}.Release|Mixed Platforms.ActiveCfg = Release|Any CPU
		{16F580D2-77D4-4490-9B53-657E97F5137D}.Release|Mixed Platforms.Build.0 = Release|Any CPU
		{16F580D2-77D4-4490-9B53-657E97F5137D}.Release|x86.ActiveCfg = Release|Any CPU
		{16F580D2-77D4-4490-9B53-657E97F5137D}.Release|x86.Build.0 = Release|Any CPU
		{AFA02ED1-8D14-48C2-9BF2-35D37CA09BC0}.Debug|Any CPU.ActiveCfg = Debug|Any CPU
		{AFA02ED1-8D14-48C2-9BF2-35D37CA09BC0}.Debug|Any CPU.Build.0 = Debug|Any CPU
		{AFA02ED1-8D14-48C2-9BF2-35D37CA09BC0}.Debug|Mixed Platforms.ActiveCfg = Debug|Any CPU
		{AFA02ED1-8D14-48C2-9BF2-35D37CA09BC0}.Debug|Mixed Platforms.Build.0 = Debug|Any CPU
		{AFA02ED1-8D14-48C2-9BF2-35D37CA09BC0}.Debug|x86.ActiveCfg = Debug|Any CPU
		{AFA02ED1-8D14-48C2-9BF2-35D37CA09BC0}.Debug|x86.Build.0 = Debug|Any CPU
		{AFA02ED1-8D14-48C2-9BF2-35D37CA09BC0}.Release|Any CPU.ActiveCfg = Release|Any CPU
		{AFA02ED1-8D14-48C2-9BF2-35D37CA09BC0}.Release|Any CPU.Build.0 = Release|Any CPU
		{AFA02ED1-8D14-48C2-9BF2-35D37CA09BC0}.Release|Mixed Platforms.ActiveCfg = Release|Any CPU
		{AFA02ED1-8D14-48C2-9BF2-35D37CA09BC0}.Release|Mixed Platforms.Build.0 = Release|Any CPU
		{AFA02ED1-8D14-48C2-9BF2-35D37CA09BC0}.Release|x86.ActiveCfg = Release|Any CPU
		{AFA02ED1-8D14-48C2-9BF2-35D37CA09BC0}.Release|x86.Build.0 = Release|Any CPU
		{5FB5BDA4-2D6B-40FE-B86B-74F9137D3D4A}.Debug|Any CPU.ActiveCfg = Debug|Any CPU
		{5FB5BDA4-2D6B-40FE-B86B-74F9137D3D4A}.Debug|Any CPU.Build.0 = Debug|Any CPU
		{5FB5BDA4-2D6B-40FE-B86B-74F9137D3D4A}.Debug|Mixed Platforms.ActiveCfg = Debug|Any CPU
		{5FB5BDA4-2D6B-40FE-B86B-74F9137D3D4A}.Debug|Mixed Platforms.Build.0 = Debug|Any CPU
		{5FB5BDA4-2D6B-40FE-B86B-74F9137D3D4A}.Debug|x86.ActiveCfg = Debug|Any CPU
		{5FB5BDA4-2D6B-40FE-B86B-74F9137D3D4A}.Debug|x86.Build.0 = Debug|Any CPU
		{5FB5BDA4-2D6B-40FE-B86B-74F9137D3D4A}.Release|Any CPU.ActiveCfg = Release|Any CPU
		{5FB5BDA4-2D6B-40FE-B86B-74F9137D3D4A}.Release|Any CPU.Build.0 = Release|Any CPU
		{5FB5BDA4-2D6B-40FE-B86B-74F9137D3D4A}.Release|Mixed Platforms.ActiveCfg = Release|Any CPU
		{5FB5BDA4-2D6B-40FE-B86B-74F9137D3D4A}.Release|Mixed Platforms.Build.0 = Release|Any CPU
		{5FB5BDA4-2D6B-40FE-B86B-74F9137D3D4A}.Release|x86.ActiveCfg = Release|Any CPU
		{5FB5BDA4-2D6B-40FE-B86B-74F9137D3D4A}.Release|x86.Build.0 = Release|Any CPU
		{6089F504-E259-465C-A2AC-28A92FD85251}.Debug|Any CPU.ActiveCfg = Debug|Any CPU
		{6089F504-E259-465C-A2AC-28A92FD85251}.Debug|Any CPU.Build.0 = Debug|Any CPU
		{6089F504-E259-465C-A2AC-28A92FD85251}.Debug|Mixed Platforms.ActiveCfg = Debug|Any CPU
		{6089F504-E259-465C-A2AC-28A92FD85251}.Debug|Mixed Platforms.Build.0 = Debug|Any CPU
		{6089F504-E259-465C-A2AC-28A92FD85251}.Debug|x86.ActiveCfg = Debug|Any CPU
		{6089F504-E259-465C-A2AC-28A92FD85251}.Debug|x86.Build.0 = Debug|Any CPU
		{6089F504-E259-465C-A2AC-28A92FD85251}.Release|Any CPU.ActiveCfg = Release|Any CPU
		{6089F504-E259-465C-A2AC-28A92FD85251}.Release|Any CPU.Build.0 = Release|Any CPU
		{6089F504-E259-465C-A2AC-28A92FD85251}.Release|Mixed Platforms.ActiveCfg = Release|Any CPU
		{6089F504-E259-465C-A2AC-28A92FD85251}.Release|Mixed Platforms.Build.0 = Release|Any CPU
		{6089F504-E259-465C-A2AC-28A92FD85251}.Release|x86.ActiveCfg = Release|Any CPU
		{6089F504-E259-465C-A2AC-28A92FD85251}.Release|x86.Build.0 = Release|Any CPU
		{233046AC-EA6F-4BF2-814C-D06D31E125A6}.Debug|Any CPU.ActiveCfg = Debug|Any CPU
		{233046AC-EA6F-4BF2-814C-D06D31E125A6}.Debug|Any CPU.Build.0 = Debug|Any CPU
		{233046AC-EA6F-4BF2-814C-D06D31E125A6}.Debug|Mixed Platforms.ActiveCfg = Debug|Any CPU
		{233046AC-EA6F-4BF2-814C-D06D31E125A6}.Debug|Mixed Platforms.Build.0 = Debug|Any CPU
		{233046AC-EA6F-4BF2-814C-D06D31E125A6}.Debug|x86.ActiveCfg = Debug|Any CPU
		{233046AC-EA6F-4BF2-814C-D06D31E125A6}.Debug|x86.Build.0 = Debug|Any CPU
		{233046AC-EA6F-4BF2-814C-D06D31E125A6}.Release|Any CPU.ActiveCfg = Release|Any CPU
		{233046AC-EA6F-4BF2-814C-D06D31E125A6}.Release|Any CPU.Build.0 = Release|Any CPU
		{233046AC-EA6F-4BF2-814C-D06D31E125A6}.Release|Mixed Platforms.ActiveCfg = Release|Any CPU
		{233046AC-EA6F-4BF2-814C-D06D31E125A6}.Release|Mixed Platforms.Build.0 = Release|Any CPU
		{233046AC-EA6F-4BF2-814C-D06D31E125A6}.Release|x86.ActiveCfg = Release|Any CPU
		{233046AC-EA6F-4BF2-814C-D06D31E125A6}.Release|x86.Build.0 = Release|Any CPU
		{76AC6568-286F-4698-8EED-A0A383C96FFE}.Debug|Any CPU.ActiveCfg = Debug|Any CPU
		{76AC6568-286F-4698-8EED-A0A383C96FFE}.Debug|Any CPU.Build.0 = Debug|Any CPU
		{76AC6568-286F-4698-8EED-A0A383C96FFE}.Debug|Mixed Platforms.ActiveCfg = Debug|Any CPU
		{76AC6568-286F-4698-8EED-A0A383C96FFE}.Debug|Mixed Platforms.Build.0 = Debug|Any CPU
		{76AC6568-286F-4698-8EED-A0A383C96FFE}.Debug|x86.ActiveCfg = Debug|Any CPU
		{76AC6568-286F-4698-8EED-A0A383C96FFE}.Debug|x86.Build.0 = Debug|Any CPU
		{76AC6568-286F-4698-8EED-A0A383C96FFE}.Release|Any CPU.ActiveCfg = Release|Any CPU
		{76AC6568-286F-4698-8EED-A0A383C96FFE}.Release|Any CPU.Build.0 = Release|Any CPU
		{76AC6568-286F-4698-8EED-A0A383C96FFE}.Release|Mixed Platforms.ActiveCfg = Release|Any CPU
		{76AC6568-286F-4698-8EED-A0A383C96FFE}.Release|Mixed Platforms.Build.0 = Release|Any CPU
		{76AC6568-286F-4698-8EED-A0A383C96FFE}.Release|x86.ActiveCfg = Release|Any CPU
		{76AC6568-286F-4698-8EED-A0A383C96FFE}.Release|x86.Build.0 = Release|Any CPU
		{87D6EC6F-0FF4-4DC1-8D5A-C76165D3D9E7}.Debug|Any CPU.ActiveCfg = Debug|Any CPU
		{87D6EC6F-0FF4-4DC1-8D5A-C76165D3D9E7}.Debug|Any CPU.Build.0 = Debug|Any CPU
		{87D6EC6F-0FF4-4DC1-8D5A-C76165D3D9E7}.Debug|Mixed Platforms.ActiveCfg = Debug|Any CPU
		{87D6EC6F-0FF4-4DC1-8D5A-C76165D3D9E7}.Debug|Mixed Platforms.Build.0 = Debug|Any CPU
		{87D6EC6F-0FF4-4DC1-8D5A-C76165D3D9E7}.Debug|x86.ActiveCfg = Debug|Any CPU
		{87D6EC6F-0FF4-4DC1-8D5A-C76165D3D9E7}.Debug|x86.Build.0 = Debug|Any CPU
		{87D6EC6F-0FF4-4DC1-8D5A-C76165D3D9E7}.Release|Any CPU.ActiveCfg = Release|Any CPU
		{87D6EC6F-0FF4-4DC1-8D5A-C76165D3D9E7}.Release|Any CPU.Build.0 = Release|Any CPU
		{87D6EC6F-0FF4-4DC1-8D5A-C76165D3D9E7}.Release|Mixed Platforms.ActiveCfg = Release|Any CPU
		{87D6EC6F-0FF4-4DC1-8D5A-C76165D3D9E7}.Release|Mixed Platforms.Build.0 = Release|Any CPU
		{87D6EC6F-0FF4-4DC1-8D5A-C76165D3D9E7}.Release|x86.ActiveCfg = Release|Any CPU
		{87D6EC6F-0FF4-4DC1-8D5A-C76165D3D9E7}.Release|x86.Build.0 = Release|Any CPU
		{E96169BB-CF4D-46FD-8157-64376A54E035}.Debug|Any CPU.ActiveCfg = Debug|Any CPU
		{E96169BB-CF4D-46FD-8157-64376A54E035}.Debug|Any CPU.Build.0 = Debug|Any CPU
		{E96169BB-CF4D-46FD-8157-64376A54E035}.Debug|Mixed Platforms.ActiveCfg = Debug|Any CPU
		{E96169BB-CF4D-46FD-8157-64376A54E035}.Debug|Mixed Platforms.Build.0 = Debug|Any CPU
		{E96169BB-CF4D-46FD-8157-64376A54E035}.Debug|x86.ActiveCfg = Debug|Any CPU
		{E96169BB-CF4D-46FD-8157-64376A54E035}.Debug|x86.Build.0 = Debug|Any CPU
		{E96169BB-CF4D-46FD-8157-64376A54E035}.Release|Any CPU.ActiveCfg = Release|Any CPU
		{E96169BB-CF4D-46FD-8157-64376A54E035}.Release|Any CPU.Build.0 = Release|Any CPU
		{E96169BB-CF4D-46FD-8157-64376A54E035}.Release|Mixed Platforms.ActiveCfg = Release|Any CPU
		{E96169BB-CF4D-46FD-8157-64376A54E035}.Release|Mixed Platforms.Build.0 = Release|Any CPU
		{E96169BB-CF4D-46FD-8157-64376A54E035}.Release|x86.ActiveCfg = Release|Any CPU
		{E96169BB-CF4D-46FD-8157-64376A54E035}.Release|x86.Build.0 = Release|Any CPU
		{F08DBA09-EC82-48E4-A68F-F2CF22350836}.Debug|Any CPU.ActiveCfg = Debug|Any CPU
		{F08DBA09-EC82-48E4-A68F-F2CF22350836}.Debug|Any CPU.Build.0 = Debug|Any CPU
		{F08DBA09-EC82-48E4-A68F-F2CF22350836}.Debug|Mixed Platforms.ActiveCfg = Debug|Any CPU
		{F08DBA09-EC82-48E4-A68F-F2CF22350836}.Debug|Mixed Platforms.Build.0 = Debug|Any CPU
		{F08DBA09-EC82-48E4-A68F-F2CF22350836}.Debug|x86.ActiveCfg = Debug|Any CPU
		{F08DBA09-EC82-48E4-A68F-F2CF22350836}.Debug|x86.Build.0 = Debug|Any CPU
		{F08DBA09-EC82-48E4-A68F-F2CF22350836}.Release|Any CPU.ActiveCfg = Release|Any CPU
		{F08DBA09-EC82-48E4-A68F-F2CF22350836}.Release|Any CPU.Build.0 = Release|Any CPU
		{F08DBA09-EC82-48E4-A68F-F2CF22350836}.Release|Mixed Platforms.ActiveCfg = Release|Any CPU
		{F08DBA09-EC82-48E4-A68F-F2CF22350836}.Release|Mixed Platforms.Build.0 = Release|Any CPU
		{F08DBA09-EC82-48E4-A68F-F2CF22350836}.Release|x86.ActiveCfg = Release|Any CPU
		{F08DBA09-EC82-48E4-A68F-F2CF22350836}.Release|x86.Build.0 = Release|Any CPU
		{71293341-0380-4746-AB50-EB7FFCCA6925}.Debug|Any CPU.ActiveCfg = Debug|Any CPU
		{71293341-0380-4746-AB50-EB7FFCCA6925}.Debug|Any CPU.Build.0 = Debug|Any CPU
		{71293341-0380-4746-AB50-EB7FFCCA6925}.Debug|Mixed Platforms.ActiveCfg = Debug|Any CPU
		{71293341-0380-4746-AB50-EB7FFCCA6925}.Debug|Mixed Platforms.Build.0 = Debug|Any CPU
		{71293341-0380-4746-AB50-EB7FFCCA6925}.Debug|x86.ActiveCfg = Debug|Any CPU
		{71293341-0380-4746-AB50-EB7FFCCA6925}.Debug|x86.Build.0 = Debug|Any CPU
		{71293341-0380-4746-AB50-EB7FFCCA6925}.Release|Any CPU.ActiveCfg = Release|Any CPU
		{71293341-0380-4746-AB50-EB7FFCCA6925}.Release|Any CPU.Build.0 = Release|Any CPU
		{71293341-0380-4746-AB50-EB7FFCCA6925}.Release|Mixed Platforms.ActiveCfg = Release|Any CPU
		{71293341-0380-4746-AB50-EB7FFCCA6925}.Release|Mixed Platforms.Build.0 = Release|Any CPU
		{71293341-0380-4746-AB50-EB7FFCCA6925}.Release|x86.ActiveCfg = Release|Any CPU
		{71293341-0380-4746-AB50-EB7FFCCA6925}.Release|x86.Build.0 = Release|Any CPU
		{696463CE-DFE5-4793-9439-B1F52C5AC755}.Debug|Any CPU.ActiveCfg = Debug|Any CPU
		{696463CE-DFE5-4793-9439-B1F52C5AC755}.Debug|Any CPU.Build.0 = Debug|Any CPU
		{696463CE-DFE5-4793-9439-B1F52C5AC755}.Debug|Mixed Platforms.ActiveCfg = Debug|Any CPU
		{696463CE-DFE5-4793-9439-B1F52C5AC755}.Debug|Mixed Platforms.Build.0 = Debug|Any CPU
		{696463CE-DFE5-4793-9439-B1F52C5AC755}.Debug|x86.ActiveCfg = Debug|Any CPU
		{696463CE-DFE5-4793-9439-B1F52C5AC755}.Debug|x86.Build.0 = Debug|Any CPU
		{696463CE-DFE5-4793-9439-B1F52C5AC755}.Release|Any CPU.ActiveCfg = Release|Any CPU
		{696463CE-DFE5-4793-9439-B1F52C5AC755}.Release|Any CPU.Build.0 = Release|Any CPU
		{696463CE-DFE5-4793-9439-B1F52C5AC755}.Release|Mixed Platforms.ActiveCfg = Release|Any CPU
		{696463CE-DFE5-4793-9439-B1F52C5AC755}.Release|Mixed Platforms.Build.0 = Release|Any CPU
		{696463CE-DFE5-4793-9439-B1F52C5AC755}.Release|x86.ActiveCfg = Release|Any CPU
		{696463CE-DFE5-4793-9439-B1F52C5AC755}.Release|x86.Build.0 = Release|Any CPU
		{52F814F0-CA2B-4DA1-BAF6-8235FFCC2860}.Debug|Any CPU.ActiveCfg = Debug|Any CPU
		{52F814F0-CA2B-4DA1-BAF6-8235FFCC2860}.Debug|Any CPU.Build.0 = Debug|Any CPU
		{52F814F0-CA2B-4DA1-BAF6-8235FFCC2860}.Debug|Mixed Platforms.ActiveCfg = Debug|Any CPU
		{52F814F0-CA2B-4DA1-BAF6-8235FFCC2860}.Debug|Mixed Platforms.Build.0 = Debug|Any CPU
		{52F814F0-CA2B-4DA1-BAF6-8235FFCC2860}.Debug|x86.ActiveCfg = Debug|Any CPU
		{52F814F0-CA2B-4DA1-BAF6-8235FFCC2860}.Debug|x86.Build.0 = Debug|Any CPU
		{52F814F0-CA2B-4DA1-BAF6-8235FFCC2860}.Release|Any CPU.ActiveCfg = Release|Any CPU
		{52F814F0-CA2B-4DA1-BAF6-8235FFCC2860}.Release|Any CPU.Build.0 = Release|Any CPU
		{52F814F0-CA2B-4DA1-BAF6-8235FFCC2860}.Release|Mixed Platforms.ActiveCfg = Release|Any CPU
		{52F814F0-CA2B-4DA1-BAF6-8235FFCC2860}.Release|Mixed Platforms.Build.0 = Release|Any CPU
		{52F814F0-CA2B-4DA1-BAF6-8235FFCC2860}.Release|x86.ActiveCfg = Release|Any CPU
		{52F814F0-CA2B-4DA1-BAF6-8235FFCC2860}.Release|x86.Build.0 = Release|Any CPU
	EndGlobalSection
	GlobalSection(SolutionProperties) = preSolution
		HideSolutionNode = FALSE
	EndGlobalSection
	GlobalSection(MonoDevelopProperties) = preSolution
		Policies = $0
		$0.DotNetNamingPolicy = $1
		$1.DirectoryNamespaceAssociation = PrefixedHierarchical
		$1.ResourceNamePolicy = MSBuild
		$0.TextStylePolicy = $2
		$2.inheritsSet = VisualStudio
		$2.scope = text/x-csharp
		$2.inheritsScope = text/plain
		$0.CSharpFormattingPolicy = $3
		$3.IndentSwitchBody = True
		$3.PropertyBraceStyle = NextLine
		$3.PropertyGetBraceStyle = NextLine
		$3.PropertySetBraceStyle = NextLine
		$3.EventBraceStyle = NextLine
		$3.EventAddBraceStyle = NextLine
		$3.EventRemoveBraceStyle = NextLine
		$3.StatementBraceStyle = NextLine
		$3.ElseNewLinePlacement = NewLine
		$3.CatchNewLinePlacement = NewLine
		$3.FinallyNewLinePlacement = NewLine
		$3.WhileNewLinePlacement = NewLine
		$3.BeforeMethodDeclarationParentheses = False
		$3.BeforeMethodCallParentheses = False
		$3.BeforeConstructorDeclarationParentheses = False
		$3.BeforeIndexerDeclarationBracket = False
		$3.BeforeDelegateDeclarationParentheses = False
		$3.AfterDelegateDeclarationParameterComma = True
		$3.NewParentheses = False
		$3.IfParentheses = False
		$3.WhileParentheses = False
		$3.ForParentheses = False
		$3.ForeachParentheses = False
		$3.CatchParentheses = False
		$3.SwitchParentheses = False
		$3.LockParentheses = False
		$3.UsingParentheses = False
		$3.SpacesBeforeBrackets = False
		$3.MethodCallArgumentWrapping = DoNotWrap
		$3.MethodDeclarationParameterWrapping = DoNotWrap
		$3.IndexerDeclarationParameterWrapping = DoNotWrap
		$3.IndexerArgumentWrapping = DoNotWrap
		$3.inheritsSet = Mono
		$3.inheritsScope = text/x-csharp
		$3.scope = text/x-csharp
		$3.IndentSwitchSection = True
		$3.NewLinesForBracesInProperties = True
		$3.NewLinesForBracesInAccessors = True
		$3.NewLinesForBracesInAnonymousMethods = True
		$3.NewLinesForBracesInControlBlocks = True
		$3.NewLinesForBracesInAnonymousTypes = True
		$3.NewLinesForBracesInObjectCollectionArrayInitializers = True
		$3.NewLinesForBracesInLambdaExpressionBody = True
		$3.NewLineForElse = True
		$3.NewLineForCatch = True
		$3.NewLineForFinally = True
		$3.NewLineForMembersInObjectInit = True
		$3.NewLineForMembersInAnonymousTypes = True
		$3.NewLineForClausesInQuery = True
		$3.SpacingAfterMethodDeclarationName = False
		$3.SpaceAfterMethodCallName = False
		$3.SpaceBeforeOpenSquareBracket = False
		$0.StandardHeader = $4
		$4.Text = 
		$4.IncludeInNewFiles = True
		$0.NameConventionPolicy = $5
		$5.Rules = $6
		$6.NamingRule = $26
		$26.AffectedEntity = None
		$26.VisibilityMask = VisibilityMask
		$26.NamingStyle = None
		$26.IncludeInstanceMembers = True
		$26.IncludeStaticEntities = True
	EndGlobalSection
EndGlobal
